
Microsoft Visual Studio Solution File, Format Version 12.00
# Visual Studio 15
VisualStudioVersion = 15.0.26430.6
MinimumVisualStudioVersion = 10.0.40219.1
Project("{FAE04EC0-301F-11D3-BF4B-00C04F79EFBC}") = "RecipeShelf.Web", "RecipeShelf.Web\RecipeShelf.Web.csproj", "{206A7E81-156B-433E-860A-325C1BFB93EE}"
EndProject
Project("{FAE04EC0-301F-11D3-BF4B-00C04F79EFBC}") = "RecipeShelf.Common", "RecipeShelf.Common\RecipeShelf.Common.csproj", "{A4AFF027-A240-4C80-BD9E-2575E5489691}"
EndProject
Project("{FAE04EC0-301F-11D3-BF4B-00C04F79EFBC}") = "RecipeShelf.Data", "RecipeShelf.Data\RecipeShelf.Data.csproj", "{62FFA9F2-42AA-48A4-A57A-89DA95DC3D3C}"
EndProject
Project("{FAE04EC0-301F-11D3-BF4B-00C04F79EFBC}") = "RecipeShelf.Data.Server", "RecipeShelf.Data.Server\RecipeShelf.Data.Server.csproj", "{5E01612B-669F-4504-9A97-9E28A25F24F0}"
EndProject
Project("{FAE04EC0-301F-11D3-BF4B-00C04F79EFBC}") = "RecipeShelf.Data.VPC", "RecipeShelf.Data.VPC\RecipeShelf.Data.VPC.csproj", "{EE56F8EA-3ACD-4559-A22D-EB836E242A06}"
EndProject
Global
	GlobalSection(SolutionConfigurationPlatforms) = preSolution
		Debug|Any CPU = Debug|Any CPU
		Release|Any CPU = Release|Any CPU
	EndGlobalSection
	GlobalSection(ProjectConfigurationPlatforms) = postSolution
		{206A7E81-156B-433E-860A-325C1BFB93EE}.Debug|Any CPU.ActiveCfg = Debug|Any CPU
		{206A7E81-156B-433E-860A-325C1BFB93EE}.Debug|Any CPU.Build.0 = Debug|Any CPU
		{206A7E81-156B-433E-860A-325C1BFB93EE}.Release|Any CPU.ActiveCfg = Release|Any CPU
		{206A7E81-156B-433E-860A-325C1BFB93EE}.Release|Any CPU.Build.0 = Release|Any CPU
		{A4AFF027-A240-4C80-BD9E-2575E5489691}.Debug|Any CPU.ActiveCfg = Debug|Any CPU
		{A4AFF027-A240-4C80-BD9E-2575E5489691}.Debug|Any CPU.Build.0 = Debug|Any CPU
		{A4AFF027-A240-4C80-BD9E-2575E5489691}.Release|Any CPU.ActiveCfg = Release|Any CPU
		{A4AFF027-A240-4C80-BD9E-2575E5489691}.Release|Any CPU.Build.0 = Release|Any CPU
		{62FFA9F2-42AA-48A4-A57A-89DA95DC3D3C}.Debug|Any CPU.ActiveCfg = Debug|Any CPU
		{62FFA9F2-42AA-48A4-A57A-89DA95DC3D3C}.Debug|Any CPU.Build.0 = Debug|Any CPU
		{62FFA9F2-42AA-48A4-A57A-89DA95DC3D3C}.Release|Any CPU.ActiveCfg = Release|Any CPU
		{62FFA9F2-42AA-48A4-A57A-89DA95DC3D3C}.Release|Any CPU.Build.0 = Release|Any CPU
		{5E01612B-669F-4504-9A97-9E28A25F24F0}.Debug|Any CPU.ActiveCfg = Debug|Any CPU
		{5E01612B-669F-4504-9A97-9E28A25F24F0}.Debug|Any CPU.Build.0 = Debug|Any CPU
		{5E01612B-669F-4504-9A97-9E28A25F24F0}.Release|Any CPU.ActiveCfg = Release|Any CPU
		{5E01612B-669F-4504-9A97-9E28A25F24F0}.Release|Any CPU.Build.0 = Release|Any CPU
		{EE56F8EA-3ACD-4559-A22D-EB836E242A06}.Debug|Any CPU.ActiveCfg = Debug|Any CPU
		{EE56F8EA-3ACD-4559-A22D-EB836E242A06}.Debug|Any CPU.Build.0 = Debug|Any CPU
		{EE56F8EA-3ACD-4559-A22D-EB836E242A06}.Release|Any CPU.ActiveCfg = Release|Any CPU
		{EE56F8EA-3ACD-4559-A22D-EB836E242A06}.Release|Any CPU.Build.0 = Release|Any CPU
	EndGlobalSection
	GlobalSection(SolutionProperties) = preSolution
		HideSolutionNode = FALSE
	EndGlobalSection
EndGlobal
