
Microsoft Visual Studio Solution File, Format Version 12.00
# Visual Studio 15
VisualStudioVersion = 15.0.26730.16
MinimumVisualStudioVersion = 10.0.40219.1
Project("{9A19103F-16F7-4668-BE54-9A1E7A4F7556}") = "RecipeShelf.Web", "RecipeShelf.Web\RecipeShelf.Web.csproj", "{206A7E81-156B-433E-860A-325C1BFB93EE}"
EndProject
Project("{9A19103F-16F7-4668-BE54-9A1E7A4F7556}") = "RecipeShelf.Common", "RecipeShelf.Common\RecipeShelf.Common.csproj", "{A4AFF027-A240-4C80-BD9E-2575E5489691}"
EndProject
Project("{9A19103F-16F7-4668-BE54-9A1E7A4F7556}") = "RecipeShelf.Data.VPC", "RecipeShelf.Data.VPC\RecipeShelf.Data.VPC.csproj", "{EE56F8EA-3ACD-4559-A22D-EB836E242A06}"
EndProject
Project("{9A19103F-16F7-4668-BE54-9A1E7A4F7556}") = "RecipeShelf.Tests", "RecipeShelf.Tests\RecipeShelf.Tests.csproj", "{D1B9605D-BD43-4E2E-8DA7-F6238DCCD60E}"
EndProject
Global
	GlobalSection(SolutionConfigurationPlatforms) = preSolution
		Debug|Any CPU = Debug|Any CPU
		Release|Any CPU = Release|Any CPU
	EndGlobalSection
	GlobalSection(ProjectConfigurationPlatforms) = postSolution
		{206A7E81-156B-433E-860A-325C1BFB93EE}.Debug|Any CPU.ActiveCfg = Debug|Any CPU
		{206A7E81-156B-433E-860A-325C1BFB93EE}.Debug|Any CPU.Build.0 = Debug|Any CPU
		{206A7E81-156B-433E-860A-325C1BFB93EE}.Release|Any CPU.ActiveCfg = Release|Any CPU
		{206A7E81-156B-433E-860A-325C1BFB93EE}.Release|Any CPU.Build.0 = Release|Any CPU
		{A4AFF027-A240-4C80-BD9E-2575E5489691}.Debug|Any CPU.ActiveCfg = Debug|Any CPU
		{A4AFF027-A240-4C80-BD9E-2575E5489691}.Debug|Any CPU.Build.0 = Debug|Any CPU
		{A4AFF027-A240-4C80-BD9E-2575E5489691}.Release|Any CPU.ActiveCfg = Release|Any CPU
		{A4AFF027-A240-4C80-BD9E-2575E5489691}.Release|Any CPU.Build.0 = Release|Any CPU
		{EE56F8EA-3ACD-4559-A22D-EB836E242A06}.Debug|Any CPU.ActiveCfg = Debug|Any CPU
		{EE56F8EA-3ACD-4559-A22D-EB836E242A06}.Debug|Any CPU.Build.0 = Debug|Any CPU
		{EE56F8EA-3ACD-4559-A22D-EB836E242A06}.Release|Any CPU.ActiveCfg = Release|Any CPU
		{EE56F8EA-3ACD-4559-A22D-EB836E242A06}.Release|Any CPU.Build.0 = Release|Any CPU
		{D1B9605D-BD43-4E2E-8DA7-F6238DCCD60E}.Debug|Any CPU.ActiveCfg = Debug|Any CPU
		{D1B9605D-BD43-4E2E-8DA7-F6238DCCD60E}.Debug|Any CPU.Build.0 = Debug|Any CPU
		{D1B9605D-BD43-4E2E-8DA7-F6238DCCD60E}.Release|Any CPU.ActiveCfg = Release|Any CPU
		{D1B9605D-BD43-4E2E-8DA7-F6238DCCD60E}.Release|Any CPU.Build.0 = Release|Any CPU
	EndGlobalSection
	GlobalSection(SolutionProperties) = preSolution
		HideSolutionNode = FALSE
	EndGlobalSection
	GlobalSection(ExtensibilityGlobals) = postSolution
		SolutionGuid = {A66234D7-F17B-4BB2-BF64-AA3E69D256ED}
	EndGlobalSection
EndGlobal
